{
  "nodes": {
    "aihc": {
      "flake": false,
      "locked": {
        "lastModified": 1789400431,
        "narHash": "sha256-LwaJPLaJjw4a2pY6w/ko6Oai5IEuYpatT8eH2oP7RCA=",
        "owner": "ai-haskell-compiler",
        "repo": "aihc",
        "rev": "d2945515818982c5512e8d2e209a8b3b0d7b05bb",
        "type": "github"
      },
      "original": {
        "owner": "ai-haskell-compiler",
        "repo": "aihc",
        "rev": "d2945515818982c5512e8d2e209a8b3b0d7b05bb",
        "type": "github"
      }
    },
    "nixpkgs": {
      "locked": {
        "lastModified": 1784555310,
        "narHash": "sha256-/FCliTPgiuV1owejZFNx3Ch9irdvkOfOFl+HHZ+DrtM=",
        "owner": "NixOS",
        "repo": "nixpkgs",
        "rev": "421eebfd0ec7bccd4abe826ce62d7e6e83129493",
        "type": "github"
      },
      "original": {
        "owner": "NixOS",
        "ref": "nixpkgs-unstable",
        "repo": "nixpkgs",
        "type": "github"
      }
    },
    "root": {
      "inputs": {
        "aihc": "aihc",
        "nixpkgs": "nixpkgs"
      }
    }
  },
  "root": "root",
  "version": 7
}
